// !$*UTF8*$!
{
	archiveVersion = 1;
	classes = {
	};
	objectVersion = 46;
	objects = {

/* Begin PBXBuildFile section */
		E30C5D961CCA41D700B99D93 /* AppDelegate.swift in Sources */ = {isa = PBXBuildFile; fileRef = E30C5D951CCA41D700B99D93 /* AppDelegate.swift */; };
		E30C5D981CCA41D700B99D93 /* LoginViewController.swift in Sources */ = {isa = PBXBuildFile; fileRef = E30C5D971CCA41D700B99D93 /* LoginViewController.swift */; };
		E30C5D9B1CCA41D700B99D93 /* Main.storyboard in Resources */ = {isa = PBXBuildFile; fileRef = E30C5D991CCA41D700B99D93 /* Main.storyboard */; };
		E30C5DA01CCA41D700B99D93 /* Assets.xcassets in Resources */ = {isa = PBXBuildFile; fileRef = E30C5D9F1CCA41D700B99D93 /* Assets.xcassets */; };
		E30C5DA31CCA41D700B99D93 /* LaunchScreen.storyboard in Resources */ = {isa = PBXBuildFile; fileRef = E30C5DA11CCA41D700B99D93 /* LaunchScreen.storyboard */; };
		E30C5DAE1CCA41D700B99D93 /* On_The_MapTests.swift in Sources */ = {isa = PBXBuildFile; fileRef = E30C5DAD1CCA41D700B99D93 /* On_The_MapTests.swift */; };
		E30C5DC01CCE3EE100B99D93 /* UdacityClient.swift in Sources */ = {isa = PBXBuildFile; fileRef = E30C5DBF1CCE3EE100B99D93 /* UdacityClient.swift */; };
		E30C5DC21CCE413500B99D93 /* UdacityConstants.swift in Sources */ = {isa = PBXBuildFile; fileRef = E30C5DC11CCE413500B99D93 /* UdacityConstants.swift */; };
		E30C5DC41CCE649600B99D93 /* UdacityConvenience.swift in Sources */ = {isa = PBXBuildFile; fileRef = E30C5DC31CCE649600B99D93 /* UdacityConvenience.swift */; };
		E30C5DC61CCEA48800B99D93 /* UdacityUser.swift in Sources */ = {isa = PBXBuildFile; fileRef = E30C5DC51CCEA48800B99D93 /* UdacityUser.swift */; };
		E30C5DC81CD00A1300B99D93 /* MainTabBarViewController.swift in Sources */ = {isa = PBXBuildFile; fileRef = E30C5DC71CD00A1300B99D93 /* MainTabBarViewController.swift */; };
		E32053CD1CD913FE00859DB2 /* ListViewController.swift in Sources */ = {isa = PBXBuildFile; fileRef = E32053CC1CD913FE00859DB2 /* ListViewController.swift */; };
		E32053D01CD9167800859DB2 /* TabBarCommonOperations.swift in Sources */ = {isa = PBXBuildFile; fileRef = E32053CF1CD9167800859DB2 /* TabBarCommonOperations.swift */; };
		E32053D21CE249E200859DB2 /* StudentDataStore.swift in Sources */ = {isa = PBXBuildFile; fileRef = E32053D11CE249E200859DB2 /* StudentDataStore.swift */; };
		E32053D51CE24E1D00859DB2 /* MKCoordinateRegion+utils.swift in Sources */ = {isa = PBXBuildFile; fileRef = E32053D41CE24E1D00859DB2 /* MKCoordinateRegion+utils.swift */; };
		E32053D71CE6248600859DB2 /* PostLinkViewController.swift in Sources */ = {isa = PBXBuildFile; fileRef = E32053D61CE6248600859DB2 /* PostLinkViewController.swift */; };
		E32053D91CE73E4C00859DB2 /* SequenceType+utils.swift in Sources */ = {isa = PBXBuildFile; fileRef = E32053D81CE73E4C00859DB2 /* SequenceType+utils.swift */; };
		E38306921CD8CB4600C103D2 /* MapViewController.swift in Sources */ = {isa = PBXBuildFile; fileRef = E38306911CD8CB4600C103D2 /* MapViewController.swift */; };
		E38306951CD921F600C103D2 /* ParseConstants.swift in Sources */ = {isa = PBXBuildFile; fileRef = E38306941CD921F600C103D2 /* ParseConstants.swift */; };
		E38306971CDA054200C103D2 /* ParseClient.swift in Sources */ = {isa = PBXBuildFile; fileRef = E38306961CDA054200C103D2 /* ParseClient.swift */; };
		E38306991CDA112B00C103D2 /* StudentData.swift in Sources */ = {isa = PBXBuildFile; fileRef = E38306981CDA112B00C103D2 /* StudentData.swift */; };
		E383069B1CDA11D200C103D2 /* ParseConvenience.swift in Sources */ = {isa = PBXBuildFile; fileRef = E383069A1CDA11D200C103D2 /* ParseConvenience.swift */; };
/* End PBXBuildFile section */

/* Begin PBXContainerItemProxy section */
		E30C5DAA1CCA41D700B99D93 /* PBXContainerItemProxy */ = {
			isa = PBXContainerItemProxy;
			containerPortal = E30C5D8A1CCA41D700B99D93 /* Project object */;
			proxyType = 1;
			remoteGlobalIDString = E30C5D911CCA41D700B99D93;
			remoteInfo = "On The Map";
		};
/* End PBXContainerItemProxy section */

/* Begin PBXFileReference section */
		E30C5D921CCA41D700B99D93 /* On The Map.app */ = {isa = PBXFileReference; explicitFileType = wrapper.application; includeInIndex = 0; path = "On The Map.app"; sourceTree = BUILT_PRODUCTS_DIR; };
		E30C5D951CCA41D700B99D93 /* AppDelegate.swift */ = {isa = PBXFileReference; lastKnownFileType = sourcecode.swift; path = AppDelegate.swift; sourceTree = "<group>"; };
		E30C5D971CCA41D700B99D93 /* LoginViewController.swift */ = {isa = PBXFileReference; lastKnownFileType = sourcecode.swift; path = LoginViewController.swift; sourceTree = "<group>"; };
		E30C5D9A1CCA41D700B99D93 /* Base */ = {isa = PBXFileReference; lastKnownFileType = file.storyboard; name = Base; path = Base.lproj/Main.storyboard; sourceTree = "<group>"; };
		E30C5D9F1CCA41D700B99D93 /* Assets.xcassets */ = {isa = PBXFileReference; lastKnownFileType = folder.assetcatalog; path = Assets.xcassets; sourceTree = "<group>"; };
		E30C5DA21CCA41D700B99D93 /* Base */ = {isa = PBXFileReference; lastKnownFileType = file.storyboard; name = Base; path = Base.lproj/LaunchScreen.storyboard; sourceTree = "<group>"; };
		E30C5DA41CCA41D700B99D93 /* Info.plist */ = {isa = PBXFileReference; lastKnownFileType = text.plist.xml; path = Info.plist; sourceTree = "<group>"; };
		E30C5DA91CCA41D700B99D93 /* On The MapTests.xctest */ = {isa = PBXFileReference; explicitFileType = wrapper.cfbundle; includeInIndex = 0; path = "On The MapTests.xctest"; sourceTree = BUILT_PRODUCTS_DIR; };
		E30C5DAD1CCA41D700B99D93 /* On_The_MapTests.swift */ = {isa = PBXFileReference; lastKnownFileType = sourcecode.swift; path = On_The_MapTests.swift; sourceTree = "<group>"; };
		E30C5DAF1CCA41D700B99D93 /* Info.plist */ = {isa = PBXFileReference; lastKnownFileType = text.plist.xml; path = Info.plist; sourceTree = "<group>"; };
		E30C5DBF1CCE3EE100B99D93 /* UdacityClient.swift */ = {isa = PBXFileReference; fileEncoding = 4; lastKnownFileType = sourcecode.swift; path = UdacityClient.swift; sourceTree = "<group>"; };
		E30C5DC11CCE413500B99D93 /* UdacityConstants.swift */ = {isa = PBXFileReference; fileEncoding = 4; lastKnownFileType = sourcecode.swift; path = UdacityConstants.swift; sourceTree = "<group>"; };
		E30C5DC31CCE649600B99D93 /* UdacityConvenience.swift */ = {isa = PBXFileReference; fileEncoding = 4; lastKnownFileType = sourcecode.swift; path = UdacityConvenience.swift; sourceTree = "<group>"; };
		E30C5DC51CCEA48800B99D93 /* UdacityUser.swift */ = {isa = PBXFileReference; fileEncoding = 4; lastKnownFileType = sourcecode.swift; path = UdacityUser.swift; sourceTree = "<group>"; };
		E30C5DC71CD00A1300B99D93 /* MainTabBarViewController.swift */ = {isa = PBXFileReference; fileEncoding = 4; lastKnownFileType = sourcecode.swift; path = MainTabBarViewController.swift; sourceTree = "<group>"; };
		E32053CC1CD913FE00859DB2 /* ListViewController.swift */ = {isa = PBXFileReference; fileEncoding = 4; lastKnownFileType = sourcecode.swift; path = ListViewController.swift; sourceTree = "<group>"; };
		E32053CF1CD9167800859DB2 /* TabBarCommonOperations.swift */ = {isa = PBXFileReference; fileEncoding = 4; lastKnownFileType = sourcecode.swift; path = TabBarCommonOperations.swift; sourceTree = "<group>"; };
		E32053D11CE249E200859DB2 /* StudentDataStore.swift */ = {isa = PBXFileReference; fileEncoding = 4; lastKnownFileType = sourcecode.swift; path = StudentDataStore.swift; sourceTree = "<group>"; };
		E32053D41CE24E1D00859DB2 /* MKCoordinateRegion+utils.swift */ = {isa = PBXFileReference; fileEncoding = 4; lastKnownFileType = sourcecode.swift; path = "MKCoordinateRegion+utils.swift"; sourceTree = "<group>"; };
		E32053D61CE6248600859DB2 /* PostLinkViewController.swift */ = {isa = PBXFileReference; fileEncoding = 4; lastKnownFileType = sourcecode.swift; path = PostLinkViewController.swift; sourceTree = "<group>"; };
		E32053D81CE73E4C00859DB2 /* SequenceType+utils.swift */ = {isa = PBXFileReference; fileEncoding = 4; lastKnownFileType = sourcecode.swift; path = "SequenceType+utils.swift"; sourceTree = "<group>"; };
		E38306911CD8CB4600C103D2 /* MapViewController.swift */ = {isa = PBXFileReference; fileEncoding = 4; lastKnownFileType = sourcecode.swift; path = MapViewController.swift; sourceTree = "<group>"; };
		E38306941CD921F600C103D2 /* ParseConstants.swift */ = {isa = PBXFileReference; fileEncoding = 4; lastKnownFileType = sourcecode.swift; path = ParseConstants.swift; sourceTree = "<group>"; };
		E38306961CDA054200C103D2 /* ParseClient.swift */ = {isa = PBXFileReference; fileEncoding = 4; lastKnownFileType = sourcecode.swift; path = ParseClient.swift; sourceTree = "<group>"; };
		E38306981CDA112B00C103D2 /* StudentData.swift */ = {isa = PBXFileReference; fileEncoding = 4; lastKnownFileType = sourcecode.swift; path = StudentData.swift; sourceTree = "<group>"; };
		E383069A1CDA11D200C103D2 /* ParseConvenience.swift */ = {isa = PBXFileReference; fileEncoding = 4; lastKnownFileType = sourcecode.swift; path = ParseConvenience.swift; sourceTree = "<group>"; };
/* End PBXFileReference section */

/* Begin PBXFrameworksBuildPhase section */
		E30C5D8F1CCA41D700B99D93 /* Frameworks */ = {
			isa = PBXFrameworksBuildPhase;
			buildActionMask = 2147483647;
			files = (
			);
			runOnlyForDeploymentPostprocessing = 0;
		};
		E30C5DA61CCA41D700B99D93 /* Frameworks */ = {
			isa = PBXFrameworksBuildPhase;
			buildActionMask = 2147483647;
			files = (
			);
			runOnlyForDeploymentPostprocessing = 0;
		};
/* End PBXFrameworksBuildPhase section */

/* Begin PBXGroup section */
		E30C5D891CCA41D700B99D93 = {
			isa = PBXGroup;
			children = (
				E30C5D941CCA41D700B99D93 /* On The Map */,
				E30C5DAC1CCA41D700B99D93 /* On The MapTests */,
				E30C5D931CCA41D700B99D93 /* Products */,
			);
			sourceTree = "<group>";
		};
		E30C5D931CCA41D700B99D93 /* Products */ = {
			isa = PBXGroup;
			children = (
				E30C5D921CCA41D700B99D93 /* On The Map.app */,
				E30C5DA91CCA41D700B99D93 /* On The MapTests.xctest */,
			);
			name = Products;
			sourceTree = "<group>";
		};
		E30C5D941CCA41D700B99D93 /* On The Map */ = {
			isa = PBXGroup;
			children = (
				E32053D31CE24E0200859DB2 /* utils */,
				E32053CE1CD915E300859DB2 /* Protocols */,
				E30C5DBC1CCD330B00B99D93 /* Model */,
				E30C5DBA1CCA7C5A00B99D93 /* View Controllers */,
				E30C5DBB1CCA7C6800B99D93 /* Supporting Files */,
			);
			path = "On The Map";
			sourceTree = "<group>";
		};
		E30C5DAC1CCA41D700B99D93 /* On The MapTests */ = {
			isa = PBXGroup;
			children = (
				E30C5DAD1CCA41D700B99D93 /* On_The_MapTests.swift */,
				E30C5DAF1CCA41D700B99D93 /* Info.plist */,
			);
			path = "On The MapTests";
			sourceTree = "<group>";
		};
		E30C5DBA1CCA7C5A00B99D93 /* View Controllers */ = {
			isa = PBXGroup;
			children = (
				E30C5D971CCA41D700B99D93 /* LoginViewController.swift */,
				E30C5DC71CD00A1300B99D93 /* MainTabBarViewController.swift */,
				E38306911CD8CB4600C103D2 /* MapViewController.swift */,
				E32053CC1CD913FE00859DB2 /* ListViewController.swift */,
				E32053D61CE6248600859DB2 /* PostLinkViewController.swift */,
			);
			name = "View Controllers";
			sourceTree = "<group>";
		};
		E30C5DBB1CCA7C6800B99D93 /* Supporting Files */ = {
			isa = PBXGroup;
			children = (
				E30C5D951CCA41D700B99D93 /* AppDelegate.swift */,
				E30C5D991CCA41D700B99D93 /* Main.storyboard */,
				E30C5D9F1CCA41D700B99D93 /* Assets.xcassets */,
				E30C5DA11CCA41D700B99D93 /* LaunchScreen.storyboard */,
				E30C5DA41CCA41D700B99D93 /* Info.plist */,
			);
			name = "Supporting Files";
			sourceTree = "<group>";
		};
		E30C5DBC1CCD330B00B99D93 /* Model */ = {
			isa = PBXGroup;
			children = (
				E30C5DBD1CCD331300B99D93 /* Clients */,
				E32053D11CE249E200859DB2 /* StudentDataStore.swift */,
			);
			name = Model;
			sourceTree = "<group>";
		};
		E30C5DBD1CCD331300B99D93 /* Clients */ = {
			isa = PBXGroup;
			children = (
				E38306931CD921DC00C103D2 /* Parse */,
				E30C5DBE1CCD33B500B99D93 /* Udacity */,
			);
			name = Clients;
			sourceTree = "<group>";
		};
		E30C5DBE1CCD33B500B99D93 /* Udacity */ = {
			isa = PBXGroup;
			children = (
				E30C5DBF1CCE3EE100B99D93 /* UdacityClient.swift */,
				E30C5DC11CCE413500B99D93 /* UdacityConstants.swift */,
				E30C5DC31CCE649600B99D93 /* UdacityConvenience.swift */,
				E30C5DC51CCEA48800B99D93 /* UdacityUser.swift */,
			);
			name = Udacity;
			sourceTree = "<group>";
		};
		E32053CE1CD915E300859DB2 /* Protocols */ = {
			isa = PBXGroup;
			children = (
				E32053CF1CD9167800859DB2 /* TabBarCommonOperations.swift */,
			);
			name = Protocols;
			sourceTree = "<group>";
		};
		E32053D31CE24E0200859DB2 /* utils */ = {
			isa = PBXGroup;
			children = (
				E32053D41CE24E1D00859DB2 /* MKCoordinateRegion+utils.swift */,
				E32053D81CE73E4C00859DB2 /* SequenceType+utils.swift */,
			);
			name = utils;
			sourceTree = "<group>";
		};
		E38306931CD921DC00C103D2 /* Parse */ = {
			isa = PBXGroup;
			children = (
				E38306941CD921F600C103D2 /* ParseConstants.swift */,
				E38306961CDA054200C103D2 /* ParseClient.swift */,
				E38306981CDA112B00C103D2 /* StudentData.swift */,
				E383069A1CDA11D200C103D2 /* ParseConvenience.swift */,
			);
			name = Parse;
			sourceTree = "<group>";
		};
/* End PBXGroup section */

/* Begin PBXNativeTarget section */
		E30C5D911CCA41D700B99D93 /* On The Map */ = {
			isa = PBXNativeTarget;
			buildConfigurationList = E30C5DB21CCA41D700B99D93 /* Build configuration list for PBXNativeTarget "On The Map" */;
			buildPhases = (
				E30C5D8E1CCA41D700B99D93 /* Sources */,
				E30C5D8F1CCA41D700B99D93 /* Frameworks */,
				E30C5D901CCA41D700B99D93 /* Resources */,
			);
			buildRules = (
			);
			dependencies = (
			);
			name = "On The Map";
			productName = "On The Map";
			productReference = E30C5D921CCA41D700B99D93 /* On The Map.app */;
			productType = "com.apple.product-type.application";
		};
		E30C5DA81CCA41D700B99D93 /* On The MapTests */ = {
			isa = PBXNativeTarget;
			buildConfigurationList = E30C5DB51CCA41D700B99D93 /* Build configuration list for PBXNativeTarget "On The MapTests" */;
			buildPhases = (
				E30C5DA51CCA41D700B99D93 /* Sources */,
				E30C5DA61CCA41D700B99D93 /* Frameworks */,
				E30C5DA71CCA41D700B99D93 /* Resources */,
			);
			buildRules = (
			);
			dependencies = (
				E30C5DAB1CCA41D700B99D93 /* PBXTargetDependency */,
			);
			name = "On The MapTests";
			productName = "On The MapTests";
			productReference = E30C5DA91CCA41D700B99D93 /* On The MapTests.xctest */;
			productType = "com.apple.product-type.bundle.unit-test";
		};
/* End PBXNativeTarget section */

/* Begin PBXProject section */
		E30C5D8A1CCA41D700B99D93 /* Project object */ = {
			isa = PBXProject;
			attributes = {
				LastSwiftUpdateCheck = 0730;
				LastUpgradeCheck = 0730;
				ORGANIZATIONNAME = "Maarut Chandegra";
				TargetAttributes = {
					E30C5D911CCA41D700B99D93 = {
						CreatedOnToolsVersion = 7.3;
						DevelopmentTeam = F53K8XZ6AA;
					};
					E30C5DA81CCA41D700B99D93 = {
						CreatedOnToolsVersion = 7.3;
						DevelopmentTeam = F53K8XZ6AA;
						TestTargetID = E30C5D911CCA41D700B99D93;
					};
				};
			};
			buildConfigurationList = E30C5D8D1CCA41D700B99D93 /* Build configuration list for PBXProject "On The Map" */;
			compatibilityVersion = "Xcode 3.2";
			developmentRegion = English;
			hasScannedForEncodings = 0;
			knownRegions = (
				en,
				Base,
			);
			mainGroup = E30C5D891CCA41D700B99D93;
			productRefGroup = E30C5D931CCA41D700B99D93 /* Products */;
			projectDirPath = "";
			projectRoot = "";
			targets = (
				E30C5D911CCA41D700B99D93 /* On The Map */,
				E30C5DA81CCA41D700B99D93 /* On The MapTests */,
			);
		};
/* End PBXProject section */

/* Begin PBXResourcesBuildPhase section */
		E30C5D901CCA41D700B99D93 /* Resources */ = {
			isa = PBXResourcesBuildPhase;
			buildActionMask = 2147483647;
			files = (
				E30C5DA31CCA41D700B99D93 /* LaunchScreen.storyboard in Resources */,
				E30C5DA01CCA41D700B99D93 /* Assets.xcassets in Resources */,
				E30C5D9B1CCA41D700B99D93 /* Main.storyboard in Resources */,
			);
			runOnlyForDeploymentPostprocessing = 0;
		};
		E30C5DA71CCA41D700B99D93 /* Resources */ = {
			isa = PBXResourcesBuildPhase;
			buildActionMask = 2147483647;
			files = (
			);
			runOnlyForDeploymentPostprocessing = 0;
		};
/* End PBXResourcesBuildPhase section */

/* Begin PBXSourcesBuildPhase section */
		E30C5D8E1CCA41D700B99D93 /* Sources */ = {
			isa = PBXSourcesBuildPhase;
			buildActionMask = 2147483647;
			files = (
				E30C5DC61CCEA48800B99D93 /* UdacityUser.swift in Sources */,
				E383069B1CDA11D200C103D2 /* ParseConvenience.swift in Sources */,
				E38306991CDA112B00C103D2 /* StudentData.swift in Sources */,
				E30C5D981CCA41D700B99D93 /* LoginViewController.swift in Sources */,
				E38306951CD921F600C103D2 /* ParseConstants.swift in Sources */,
				E30C5DC21CCE413500B99D93 /* UdacityConstants.swift in Sources */,
				E30C5DC81CD00A1300B99D93 /* MainTabBarViewController.swift in Sources */,
				E30C5D961CCA41D700B99D93 /* AppDelegate.swift in Sources */,
				E32053D21CE249E200859DB2 /* StudentDataStore.swift in Sources */,
				E32053D51CE24E1D00859DB2 /* MKCoordinateRegion+utils.swift in Sources */,
				E38306971CDA054200C103D2 /* ParseClient.swift in Sources */,
				E32053CD1CD913FE00859DB2 /* ListViewController.swift in Sources */,
				E30C5DC41CCE649600B99D93 /* UdacityConvenience.swift in Sources */,
				E30C5DC01CCE3EE100B99D93 /* UdacityClient.swift in Sources */,
				E32053D71CE6248600859DB2 /* PostLinkViewController.swift in Sources */,
				E32053D91CE73E4C00859DB2 /* SequenceType+utils.swift in Sources */,
				E32053D01CD9167800859DB2 /* TabBarCommonOperations.swift in Sources */,
				E38306921CD8CB4600C103D2 /* MapViewController.swift in Sources */,
			);
			runOnlyForDeploymentPostprocessing = 0;
		};
		E30C5DA51CCA41D700B99D93 /* Sources */ = {
			isa = PBXSourcesBuildPhase;
			buildActionMask = 2147483647;
			files = (
				E30C5DAE1CCA41D700B99D93 /* On_The_MapTests.swift in Sources */,
			);
			runOnlyForDeploymentPostprocessing = 0;
		};
/* End PBXSourcesBuildPhase section */

/* Begin PBXTargetDependency section */
		E30C5DAB1CCA41D700B99D93 /* PBXTargetDependency */ = {
			isa = PBXTargetDependency;
			target = E30C5D911CCA41D700B99D93 /* On The Map */;
			targetProxy = E30C5DAA1CCA41D700B99D93 /* PBXContainerItemProxy */;
		};
/* End PBXTargetDependency section */

/* Begin PBXVariantGroup section */
		E30C5D991CCA41D700B99D93 /* Main.storyboard */ = {
			isa = PBXVariantGroup;
			children = (
				E30C5D9A1CCA41D700B99D93 /* Base */,
			);
			name = Main.storyboard;
			sourceTree = "<group>";
		};
		E30C5DA11CCA41D700B99D93 /* LaunchScreen.storyboard */ = {
			isa = PBXVariantGroup;
			children = (
				E30C5DA21CCA41D700B99D93 /* Base */,
			);
			name = LaunchScreen.storyboard;
			sourceTree = "<group>";
		};
/* End PBXVariantGroup section */

/* Begin XCBuildConfiguration section */
		E30C5DB01CCA41D700B99D93 /* Debug */ = {
			isa = XCBuildConfiguration;
			buildSettings = {
				ALWAYS_SEARCH_USER_PATHS = NO;
				CLANG_ANALYZER_NONNULL = YES;
				CLANG_CXX_LANGUAGE_STANDARD = "gnu++0x";
				CLANG_CXX_LIBRARY = "libc++";
				CLANG_ENABLE_MODULES = YES;
				CLANG_ENABLE_OBJC_ARC = YES;
				CLANG_WARN_BOOL_CONVERSION = YES;
				CLANG_WARN_CONSTANT_CONVERSION = YES;
				CLANG_WARN_DIRECT_OBJC_ISA_USAGE = YES_ERROR;
				CLANG_WARN_EMPTY_BODY = YES;
				CLANG_WARN_ENUM_CONVERSION = YES;
				CLANG_WARN_INT_CONVERSION = YES;
				CLANG_WARN_OBJC_ROOT_CLASS = YES_ERROR;
				CLANG_WARN_UNREACHABLE_CODE = YES;
				CLANG_WARN__DUPLICATE_METHOD_MATCH = YES;
				"CODE_SIGN_IDENTITY[sdk=iphoneos*]" = "iPhone Developer";
				COPY_PHASE_STRIP = NO;
				DEBUG_INFORMATION_FORMAT = dwarf;
				ENABLE_STRICT_OBJC_MSGSEND = YES;
				ENABLE_TESTABILITY = YES;
				GCC_C_LANGUAGE_STANDARD = gnu99;
				GCC_DYNAMIC_NO_PIC = NO;
				GCC_NO_COMMON_BLOCKS = YES;
				GCC_OPTIMIZATION_LEVEL = 0;
				GCC_PREPROCESSOR_DEFINITIONS = (
					"DEBUG=1",
					"$(inherited)",
				);
				GCC_WARN_64_TO_32_BIT_CONVERSION = YES;
				GCC_WARN_ABOUT_RETURN_TYPE = YES_ERROR;
				GCC_WARN_UNDECLARED_SELECTOR = YES;
				GCC_WARN_UNINITIALIZED_AUTOS = YES_AGGRESSIVE;
				GCC_WARN_UNUSED_FUNCTION = YES;
				GCC_WARN_UNUSED_VARIABLE = YES;
				IPHONEOS_DEPLOYMENT_TARGET = 9.3;
				MTL_ENABLE_DEBUG_INFO = YES;
				ONLY_ACTIVE_ARCH = YES;
				SDKROOT = iphoneos;
				SWIFT_OPTIMIZATION_LEVEL = "-Onone";
				TARGETED_DEVICE_FAMILY = "1,2";
			};
			name = Debug;
		};
		E30C5DB11CCA41D700B99D93 /* Release */ = {
			isa = XCBuildConfiguration;
			buildSettings = {
				ALWAYS_SEARCH_USER_PATHS = NO;
				CLANG_ANALYZER_NONNULL = YES;
				CLANG_CXX_LANGUAGE_STANDARD = "gnu++0x";
				CLANG_CXX_LIBRARY = "libc++";
				CLANG_ENABLE_MODULES = YES;
				CLANG_ENABLE_OBJC_ARC = YES;
				CLANG_WARN_BOOL_CONVERSION = YES;
				CLANG_WARN_CONSTANT_CONVERSION = YES;
				CLANG_WARN_DIRECT_OBJC_ISA_USAGE = YES_ERROR;
				CLANG_WARN_EMPTY_BODY = YES;
				CLANG_WARN_ENUM_CONVERSION = YES;
				CLANG_WARN_INT_CONVERSION = YES;
				CLANG_WARN_OBJC_ROOT_CLASS = YES_ERROR;
				CLANG_WARN_UNREACHABLE_CODE = YES;
				CLANG_WARN__DUPLICATE_METHOD_MATCH = YES;
				"CODE_SIGN_IDENTITY[sdk=iphoneos*]" = "iPhone Developer";
				COPY_PHASE_STRIP = NO;
				DEBUG_INFORMATION_FORMAT = "dwarf-with-dsym";
				ENABLE_NS_ASSERTIONS = NO;
				ENABLE_STRICT_OBJC_MSGSEND = YES;
				GCC_C_LANGUAGE_STANDARD = gnu99;
				GCC_NO_COMMON_BLOCKS = YES;
				GCC_WARN_64_TO_32_BIT_CONVERSION = YES;
				GCC_WARN_ABOUT_RETURN_TYPE = YES_ERROR;
				GCC_WARN_UNDECLARED_SELECTOR = YES;
				GCC_WARN_UNINITIALIZED_AUTOS = YES_AGGRESSIVE;
				GCC_WARN_UNUSED_FUNCTION = YES;
				GCC_WARN_UNUSED_VARIABLE = YES;
				IPHONEOS_DEPLOYMENT_TARGET = 9.3;
				MTL_ENABLE_DEBUG_INFO = NO;
				SDKROOT = iphoneos;
				TARGETED_DEVICE_FAMILY = "1,2";
				VALIDATE_PRODUCT = YES;
			};
			name = Release;
		};
		E30C5DB31CCA41D700B99D93 /* Debug */ = {
			isa = XCBuildConfiguration;
			buildSettings = {
				ASSETCATALOG_COMPILER_APPICON_NAME = AppIcon;
				INFOPLIST_FILE = "On The Map/Info.plist";
				LD_RUNPATH_SEARCH_PATHS = "$(inherited) @executable_path/Frameworks";
				PRODUCT_BUNDLE_IDENTIFIER = "net.maarut.On-The-Map";
				PRODUCT_NAME = "$(TARGET_NAME)";
			};
			name = Debug;
		};
		E30C5DB41CCA41D700B99D93 /* Release */ = {
			isa = XCBuildConfiguration;
			buildSettings = {
				ASSETCATALOG_COMPILER_APPICON_NAME = AppIcon;
				INFOPLIST_FILE = "On The Map/Info.plist";
				LD_RUNPATH_SEARCH_PATHS = "$(inherited) @executable_path/Frameworks";
				PRODUCT_BUNDLE_IDENTIFIER = "net.maarut.On-The-Map";
				PRODUCT_NAME = "$(TARGET_NAME)";
			};
			name = Release;
		};
		E30C5DB61CCA41D700B99D93 /* Debug */ = {
			isa = XCBuildConfiguration;
			buildSettings = {
				BUNDLE_LOADER = "$(TEST_HOST)";
				INFOPLIST_FILE = "On The MapTests/Info.plist";
				LD_RUNPATH_SEARCH_PATHS = "$(inherited) @executable_path/Frameworks @loader_path/Frameworks";
				PRODUCT_BUNDLE_IDENTIFIER = "net.maarut.On-The-MapTests";
				PRODUCT_NAME = "$(TARGET_NAME)";
				TEST_HOST = "$(BUILT_PRODUCTS_DIR)/On The Map.app/On The Map";
			};
			name = Debug;
		};
		E30C5DB71CCA41D700B99D93 /* Release */ = {
			isa = XCBuildConfiguration;
			buildSettings = {
				BUNDLE_LOADER = "$(TEST_HOST)";
				INFOPLIST_FILE = "On The MapTests/Info.plist";
				LD_RUNPATH_SEARCH_PATHS = "$(inherited) @executable_path/Frameworks @loader_path/Frameworks";
				PRODUCT_BUNDLE_IDENTIFIER = "net.maarut.On-The-MapTests";
				PRODUCT_NAME = "$(TARGET_NAME)";
				TEST_HOST = "$(BUILT_PRODUCTS_DIR)/On The Map.app/On The Map";
			};
			name = Release;
		};
/* End XCBuildConfiguration section */

/* Begin XCConfigurationList section */
		E30C5D8D1CCA41D700B99D93 /* Build configuration list for PBXProject "On The Map" */ = {
			isa = XCConfigurationList;
			buildConfigurations = (
				E30C5DB01CCA41D700B99D93 /* Debug */,
				E30C5DB11CCA41D700B99D93 /* Release */,
			);
			defaultConfigurationIsVisible = 0;
			defaultConfigurationName = Release;
		};
		E30C5DB21CCA41D700B99D93 /* Build configuration list for PBXNativeTarget "On The Map" */ = {
			isa = XCConfigurationList;
			buildConfigurations = (
				E30C5DB31CCA41D700B99D93 /* Debug */,
				E30C5DB41CCA41D700B99D93 /* Release */,
			);
			defaultConfigurationIsVisible = 0;
			defaultConfigurationName = Release;
		};
		E30C5DB51CCA41D700B99D93 /* Build configuration list for PBXNativeTarget "On The MapTests" */ = {
			isa = XCConfigurationList;
			buildConfigurations = (
				E30C5DB61CCA41D700B99D93 /* Debug */,
				E30C5DB71CCA41D700B99D93 /* Release */,
			);
			defaultConfigurationIsVisible = 0;
			defaultConfigurationName = Release;
		};
/* End XCConfigurationList section */
	};
	rootObject = E30C5D8A1CCA41D700B99D93 /* Project object */;
}
